
Microsoft Visual Studio Solution File, Format Version 12.00
Project("{FAE04EC0-301F-11D3-BF4B-00C04F79EFBC}") = "Domain", "Domain\Domain.csproj", "{177F8FC2-4E37-4855-8329-C8A99BC8A676}"
EndProject
Project("{FAE04EC0-301F-11D3-BF4B-00C04F79EFBC}") = "WebAPI", "WebAPI\WebAPI.csproj", "{6C0FA6D0-C7FD-48C0-91BD-CFD680D7A74C}"
EndProject
Project("{FAE04EC0-301F-11D3-BF4B-00C04F79EFBC}") = "FileData", "FileData\FileData.csproj", "{03AB9682-E40A-4B94-9DB6-A2C7300024AD}"
EndProject
Project("{FAE04EC0-301F-11D3-BF4B-00C04F79EFBC}") = "Application", "Application\Application.csproj", "{C3CEB914-47E6-40DE-83B2-FEC4C9FCBABC}"
EndProject
Project("{FAE04EC0-301F-11D3-BF4B-00C04F79EFBC}") = "BlazorWASM", "BlazorWASM\BlazorWASM.csproj", "{B2D02EC3-B49A-4361-B14A-F6487CC541EA}"
EndProject
Project("{FAE04EC0-301F-11D3-BF4B-00C04F79EFBC}") = "HttpClients", "HttpClients\HttpClients.csproj", "{2AA7D44D-565B-4B0A-8049-C1032B813D8F}"
EndProject
Global
	GlobalSection(SolutionConfigurationPlatforms) = preSolution
		Debug|Any CPU = Debug|Any CPU
		Release|Any CPU = Release|Any CPU
	EndGlobalSection
	GlobalSection(ProjectConfigurationPlatforms) = postSolution
		{177F8FC2-4E37-4855-8329-C8A99BC8A676}.Debug|Any CPU.ActiveCfg = Debug|Any CPU
		{177F8FC2-4E37-4855-8329-C8A99BC8A676}.Debug|Any CPU.Build.0 = Debug|Any CPU
		{177F8FC2-4E37-4855-8329-C8A99BC8A676}.Release|Any CPU.ActiveCfg = Release|Any CPU
		{177F8FC2-4E37-4855-8329-C8A99BC8A676}.Release|Any CPU.Build.0 = Release|Any CPU
		{6C0FA6D0-C7FD-48C0-91BD-CFD680D7A74C}.Debug|Any CPU.ActiveCfg = Debug|Any CPU
		{6C0FA6D0-C7FD-48C0-91BD-CFD680D7A74C}.Debug|Any CPU.Build.0 = Debug|Any CPU
		{6C0FA6D0-C7FD-48C0-91BD-CFD680D7A74C}.Release|Any CPU.ActiveCfg = Release|Any CPU
		{6C0FA6D0-C7FD-48C0-91BD-CFD680D7A74C}.Release|Any CPU.Build.0 = Release|Any CPU
		{03AB9682-E40A-4B94-9DB6-A2C7300024AD}.Debug|Any CPU.ActiveCfg = Debug|Any CPU
		{03AB9682-E40A-4B94-9DB6-A2C7300024AD}.Debug|Any CPU.Build.0 = Debug|Any CPU
		{03AB9682-E40A-4B94-9DB6-A2C7300024AD}.Release|Any CPU.ActiveCfg = Release|Any CPU
		{03AB9682-E40A-4B94-9DB6-A2C7300024AD}.Release|Any CPU.Build.0 = Release|Any CPU
		{C3CEB914-47E6-40DE-83B2-FEC4C9FCBABC}.Debug|Any CPU.ActiveCfg = Debug|Any CPU
		{C3CEB914-47E6-40DE-83B2-FEC4C9FCBABC}.Debug|Any CPU.Build.0 = Debug|Any CPU
		{C3CEB914-47E6-40DE-83B2-FEC4C9FCBABC}.Release|Any CPU.ActiveCfg = Release|Any CPU
		{C3CEB914-47E6-40DE-83B2-FEC4C9FCBABC}.Release|Any CPU.Build.0 = Release|Any CPU
		{B2D02EC3-B49A-4361-B14A-F6487CC541EA}.Debug|Any CPU.ActiveCfg = Debug|Any CPU
		{B2D02EC3-B49A-4361-B14A-F6487CC541EA}.Debug|Any CPU.Build.0 = Debug|Any CPU
		{B2D02EC3-B49A-4361-B14A-F6487CC541EA}.Release|Any CPU.ActiveCfg = Release|Any CPU
		{B2D02EC3-B49A-4361-B14A-F6487CC541EA}.Release|Any CPU.Build.0 = Release|Any CPU
		{2AA7D44D-565B-4B0A-8049-C1032B813D8F}.Debug|Any CPU.ActiveCfg = Debug|Any CPU
		{2AA7D44D-565B-4B0A-8049-C1032B813D8F}.Debug|Any CPU.Build.0 = Debug|Any CPU
		{2AA7D44D-565B-4B0A-8049-C1032B813D8F}.Release|Any CPU.ActiveCfg = Release|Any CPU
		{2AA7D44D-565B-4B0A-8049-C1032B813D8F}.Release|Any CPU.Build.0 = Release|Any CPU
	EndGlobalSection
EndGlobal
